
Microsoft Visual Studio Solution File, Format Version 12.00
# Visual Studio Version 16
VisualStudioVersion = 16.0.31702.278
MinimumVisualStudioVersion = 10.0.40219.1
Project("{9A19103F-16F7-4668-BE54-9A1E7A4F7556}") = "Helperland", "Temp\Helperland.csproj", "{832C0CF7-4E21-4E3D-89C9-66995A7C64EA}"
EndProject
Global
	GlobalSection(SolutionConfigurationPlatforms) = preSolution
		Debug|Any CPU = Debug|Any CPU
		Release|Any CPU = Release|Any CPU
	EndGlobalSection
	GlobalSection(ProjectConfigurationPlatforms) = postSolution
		{832C0CF7-4E21-4E3D-89C9-66995A7C64EA}.Debug|Any CPU.ActiveCfg = Debug|Any CPU
		{832C0CF7-4E21-4E3D-89C9-66995A7C64EA}.Debug|Any CPU.Build.0 = Debug|Any CPU
		{832C0CF7-4E21-4E3D-89C9-66995A7C64EA}.Release|Any CPU.ActiveCfg = Release|Any CPU
		{832C0CF7-4E21-4E3D-89C9-66995A7C64EA}.Release|Any CPU.Build.0 = Release|Any CPU
	EndGlobalSection
	GlobalSection(SolutionProperties) = preSolution
		HideSolutionNode = FALSE
	EndGlobalSection
	GlobalSection(ExtensibilityGlobals) = postSolution
		SolutionGuid = {A6F82A6C-1EA1-4D08-A401-62AC37A624CC}
	EndGlobalSection
EndGlobal
